
Microsoft Visual Studio Solution File, Format Version 12.00
# Visual Studio 14
VisualStudioVersion = 14.0.25420.1
MinimumVisualStudioVersion = 10.0.40219.1
Project("{FAE04EC0-301F-11D3-BF4B-00C04F79EFBC}") = "Day01", "Day1\Day01.csproj", "{37ACB28D-5418-4F04-99B1-F14BE9B5BBCA}"
EndProject
Project("{FAE04EC0-301F-11D3-BF4B-00C04F79EFBC}") = "Day02", "Day2\Day02.csproj", "{BC30D8EF-B2D6-442C-91F8-DF1842D4EF4A}"
EndProject
Project("{FAE04EC0-301F-11D3-BF4B-00C04F79EFBC}") = "Day03", "Day3\Day03.csproj", "{4814F0F2-BCF7-4369-B57F-91BB4A192CFE}"
EndProject
Project("{FAE04EC0-301F-11D3-BF4B-00C04F79EFBC}") = "Day04", "Day4\Day04.csproj", "{EBB97EEB-C438-4107-9E36-CF3B3446BA7A}"
EndProject
Project("{FAE04EC0-301F-11D3-BF4B-00C04F79EFBC}") = "Day05", "Day5\Day05.csproj", "{234BA704-E1AB-4329-92EC-070F151FE656}"
EndProject
Project("{FAE04EC0-301F-11D3-BF4B-00C04F79EFBC}") = "Day06", "Day6\Day06.csproj", "{149BD5F3-8CB9-4C1B-A9D4-B5DD4BD25E91}"
EndProject
Project("{FAE04EC0-301F-11D3-BF4B-00C04F79EFBC}") = "Day07", "Day7\Day07.csproj", "{CD1279F5-5103-42DB-8FD4-038C23CC6480}"
EndProject
Project("{FAE04EC0-301F-11D3-BF4B-00C04F79EFBC}") = "Day08", "Day8\Day08.csproj", "{808529EE-30EB-4B04-8037-3A0232845CDA}"
EndProject
Project("{FAE04EC0-301F-11D3-BF4B-00C04F79EFBC}") = "Common", "Common\Common.csproj", "{7C98D757-A476-4667-AB47-9EAFF324C8E5}"
EndProject
Project("{FAE04EC0-301F-11D3-BF4B-00C04F79EFBC}") = "Day09", "Day9\Day09.csproj", "{C2C3F109-5EEA-4727-AF14-0D438E8A0324}"
EndProject
Project("{FAE04EC0-301F-11D3-BF4B-00C04F79EFBC}") = "Day09.Tests", "Day9.Tests\Day09.Tests.csproj", "{7C4D0768-9423-463E-9891-BBCCC08D8D7F}"
EndProject
Project("{FAE04EC0-301F-11D3-BF4B-00C04F79EFBC}") = "Day10", "Day10\Day10.csproj", "{72012A21-CABF-42C7-8DAC-FC1F80E23F1C}"
EndProject
Project("{FAE04EC0-301F-11D3-BF4B-00C04F79EFBC}") = "Day12", "Day12\Day12.csproj", "{7DACA276-D685-423D-A6B7-68C414D2EE30}"
EndProject
Project("{FAE04EC0-301F-11D3-BF4B-00C04F79EFBC}") = "Day13", "Day13\Day13.csproj", "{E34851B3-7821-40FD-8F61-F66BBC59B290}"
EndProject
Project("{FAE04EC0-301F-11D3-BF4B-00C04F79EFBC}") = "Day13.Tests", "Day13.Tests\Day13.Tests.csproj", "{D8B76372-8C5A-4B92-840A-4648EF948CDC}"
EndProject
Project("{FAE04EC0-301F-11D3-BF4B-00C04F79EFBC}") = "Common.Tests", "Common.Tests\Common.Tests.csproj", "{101B326A-4AA7-457B-BAE1-FEFCD7C876AD}"
EndProject
Project("{FAE04EC0-301F-11D3-BF4B-00C04F79EFBC}") = "Day14", "Day14\Day14.csproj", "{A8A6ED72-4E8C-494D-ACA3-2EA691E59369}"
EndProject
Project("{FAE04EC0-301F-11D3-BF4B-00C04F79EFBC}") = "Day14.Tests", "Day14.Tests\Day14.Tests.csproj", "{2587CBA2-F570-4A1B-B52C-0B10DC89DD08}"
EndProject
Project("{FAE04EC0-301F-11D3-BF4B-00C04F79EFBC}") = "Day15", "Day15\Day15.csproj", "{94DB4461-ED0B-4540-A52D-6B117043DCAD}"
EndProject
Project("{FAE04EC0-301F-11D3-BF4B-00C04F79EFBC}") = "Day16", "Day16\Day16.csproj", "{76F454EF-6624-42A7-8EAA-AA3ADBC9FAF3}"
EndProject
Project("{FAE04EC0-301F-11D3-BF4B-00C04F79EFBC}") = "Day16.Tests", "Day16.Tests\Day16.Tests.csproj", "{CF748678-A7DC-4C49-91AB-B3E938425FAA}"
EndProject
Project("{FAE04EC0-301F-11D3-BF4B-00C04F79EFBC}") = "Day17", "Day17\Day17.csproj", "{94C29428-3B29-4F27-A286-AB9C60389068}"
EndProject
Project("{FAE04EC0-301F-11D3-BF4B-00C04F79EFBC}") = "Day17.Tests", "Day17.Tests\Day17.Tests.csproj", "{B5559D3D-BFA8-420E-9994-17A694BD2751}"
EndProject
Global
	GlobalSection(SolutionConfigurationPlatforms) = preSolution
		Debug|Any CPU = Debug|Any CPU
		Release|Any CPU = Release|Any CPU
	EndGlobalSection
	GlobalSection(ProjectConfigurationPlatforms) = postSolution
		{37ACB28D-5418-4F04-99B1-F14BE9B5BBCA}.Debug|Any CPU.ActiveCfg = Debug|Any CPU
		{37ACB28D-5418-4F04-99B1-F14BE9B5BBCA}.Debug|Any CPU.Build.0 = Debug|Any CPU
		{37ACB28D-5418-4F04-99B1-F14BE9B5BBCA}.Release|Any CPU.ActiveCfg = Release|Any CPU
		{37ACB28D-5418-4F04-99B1-F14BE9B5BBCA}.Release|Any CPU.Build.0 = Release|Any CPU
		{BC30D8EF-B2D6-442C-91F8-DF1842D4EF4A}.Debug|Any CPU.ActiveCfg = Debug|Any CPU
		{BC30D8EF-B2D6-442C-91F8-DF1842D4EF4A}.Debug|Any CPU.Build.0 = Debug|Any CPU
		{BC30D8EF-B2D6-442C-91F8-DF1842D4EF4A}.Release|Any CPU.ActiveCfg = Release|Any CPU
		{BC30D8EF-B2D6-442C-91F8-DF1842D4EF4A}.Release|Any CPU.Build.0 = Release|Any CPU
		{4814F0F2-BCF7-4369-B57F-91BB4A192CFE}.Debug|Any CPU.ActiveCfg = Debug|Any CPU
		{4814F0F2-BCF7-4369-B57F-91BB4A192CFE}.Debug|Any CPU.Build.0 = Debug|Any CPU
		{4814F0F2-BCF7-4369-B57F-91BB4A192CFE}.Release|Any CPU.ActiveCfg = Release|Any CPU
		{4814F0F2-BCF7-4369-B57F-91BB4A192CFE}.Release|Any CPU.Build.0 = Release|Any CPU
		{EBB97EEB-C438-4107-9E36-CF3B3446BA7A}.Debug|Any CPU.ActiveCfg = Debug|Any CPU
		{EBB97EEB-C438-4107-9E36-CF3B3446BA7A}.Debug|Any CPU.Build.0 = Debug|Any CPU
		{EBB97EEB-C438-4107-9E36-CF3B3446BA7A}.Release|Any CPU.ActiveCfg = Release|Any CPU
		{EBB97EEB-C438-4107-9E36-CF3B3446BA7A}.Release|Any CPU.Build.0 = Release|Any CPU
		{234BA704-E1AB-4329-92EC-070F151FE656}.Debug|Any CPU.ActiveCfg = Debug|Any CPU
		{234BA704-E1AB-4329-92EC-070F151FE656}.Debug|Any CPU.Build.0 = Debug|Any CPU
		{234BA704-E1AB-4329-92EC-070F151FE656}.Release|Any CPU.ActiveCfg = Release|Any CPU
		{234BA704-E1AB-4329-92EC-070F151FE656}.Release|Any CPU.Build.0 = Release|Any CPU
		{149BD5F3-8CB9-4C1B-A9D4-B5DD4BD25E91}.Debug|Any CPU.ActiveCfg = Debug|Any CPU
		{149BD5F3-8CB9-4C1B-A9D4-B5DD4BD25E91}.Debug|Any CPU.Build.0 = Debug|Any CPU
		{149BD5F3-8CB9-4C1B-A9D4-B5DD4BD25E91}.Release|Any CPU.ActiveCfg = Release|Any CPU
		{149BD5F3-8CB9-4C1B-A9D4-B5DD4BD25E91}.Release|Any CPU.Build.0 = Release|Any CPU
		{CD1279F5-5103-42DB-8FD4-038C23CC6480}.Debug|Any CPU.ActiveCfg = Debug|Any CPU
		{CD1279F5-5103-42DB-8FD4-038C23CC6480}.Debug|Any CPU.Build.0 = Debug|Any CPU
		{CD1279F5-5103-42DB-8FD4-038C23CC6480}.Release|Any CPU.ActiveCfg = Release|Any CPU
		{CD1279F5-5103-42DB-8FD4-038C23CC6480}.Release|Any CPU.Build.0 = Release|Any CPU
		{808529EE-30EB-4B04-8037-3A0232845CDA}.Debug|Any CPU.ActiveCfg = Debug|Any CPU
		{808529EE-30EB-4B04-8037-3A0232845CDA}.Debug|Any CPU.Build.0 = Debug|Any CPU
		{808529EE-30EB-4B04-8037-3A0232845CDA}.Release|Any CPU.ActiveCfg = Release|Any CPU
		{808529EE-30EB-4B04-8037-3A0232845CDA}.Release|Any CPU.Build.0 = Release|Any CPU
		{7C98D757-A476-4667-AB47-9EAFF324C8E5}.Debug|Any CPU.ActiveCfg = Debug|Any CPU
		{7C98D757-A476-4667-AB47-9EAFF324C8E5}.Debug|Any CPU.Build.0 = Debug|Any CPU
		{7C98D757-A476-4667-AB47-9EAFF324C8E5}.Release|Any CPU.ActiveCfg = Release|Any CPU
		{7C98D757-A476-4667-AB47-9EAFF324C8E5}.Release|Any CPU.Build.0 = Release|Any CPU
		{C2C3F109-5EEA-4727-AF14-0D438E8A0324}.Debug|Any CPU.ActiveCfg = Debug|Any CPU
		{C2C3F109-5EEA-4727-AF14-0D438E8A0324}.Debug|Any CPU.Build.0 = Debug|Any CPU
		{C2C3F109-5EEA-4727-AF14-0D438E8A0324}.Release|Any CPU.ActiveCfg = Release|Any CPU
		{C2C3F109-5EEA-4727-AF14-0D438E8A0324}.Release|Any CPU.Build.0 = Release|Any CPU
		{7C4D0768-9423-463E-9891-BBCCC08D8D7F}.Debug|Any CPU.ActiveCfg = Debug|Any CPU
		{7C4D0768-9423-463E-9891-BBCCC08D8D7F}.Debug|Any CPU.Build.0 = Debug|Any CPU
		{7C4D0768-9423-463E-9891-BBCCC08D8D7F}.Release|Any CPU.ActiveCfg = Release|Any CPU
		{7C4D0768-9423-463E-9891-BBCCC08D8D7F}.Release|Any CPU.Build.0 = Release|Any CPU
		{72012A21-CABF-42C7-8DAC-FC1F80E23F1C}.Debug|Any CPU.ActiveCfg = Debug|Any CPU
		{72012A21-CABF-42C7-8DAC-FC1F80E23F1C}.Debug|Any CPU.Build.0 = Debug|Any CPU
		{72012A21-CABF-42C7-8DAC-FC1F80E23F1C}.Release|Any CPU.ActiveCfg = Release|Any CPU
		{72012A21-CABF-42C7-8DAC-FC1F80E23F1C}.Release|Any CPU.Build.0 = Release|Any CPU
		{7DACA276-D685-423D-A6B7-68C414D2EE30}.Debug|Any CPU.ActiveCfg = Debug|Any CPU
		{7DACA276-D685-423D-A6B7-68C414D2EE30}.Debug|Any CPU.Build.0 = Debug|Any CPU
		{7DACA276-D685-423D-A6B7-68C414D2EE30}.Release|Any CPU.ActiveCfg = Release|Any CPU
		{7DACA276-D685-423D-A6B7-68C414D2EE30}.Release|Any CPU.Build.0 = Release|Any CPU
		{E34851B3-7821-40FD-8F61-F66BBC59B290}.Debug|Any CPU.ActiveCfg = Debug|Any CPU
		{E34851B3-7821-40FD-8F61-F66BBC59B290}.Debug|Any CPU.Build.0 = Debug|Any CPU
		{E34851B3-7821-40FD-8F61-F66BBC59B290}.Release|Any CPU.ActiveCfg = Release|Any CPU
		{E34851B3-7821-40FD-8F61-F66BBC59B290}.Release|Any CPU.Build.0 = Release|Any CPU
		{D8B76372-8C5A-4B92-840A-4648EF948CDC}.Debug|Any CPU.ActiveCfg = Debug|Any CPU
		{D8B76372-8C5A-4B92-840A-4648EF948CDC}.Debug|Any CPU.Build.0 = Debug|Any CPU
		{D8B76372-8C5A-4B92-840A-4648EF948CDC}.Release|Any CPU.ActiveCfg = Release|Any CPU
		{D8B76372-8C5A-4B92-840A-4648EF948CDC}.Release|Any CPU.Build.0 = Release|Any CPU
		{101B326A-4AA7-457B-BAE1-FEFCD7C876AD}.Debug|Any CPU.ActiveCfg = Debug|Any CPU
		{101B326A-4AA7-457B-BAE1-FEFCD7C876AD}.Debug|Any CPU.Build.0 = Debug|Any CPU
		{101B326A-4AA7-457B-BAE1-FEFCD7C876AD}.Release|Any CPU.ActiveCfg = Release|Any CPU
		{101B326A-4AA7-457B-BAE1-FEFCD7C876AD}.Release|Any CPU.Build.0 = Release|Any CPU
		{A8A6ED72-4E8C-494D-ACA3-2EA691E59369}.Debug|Any CPU.ActiveCfg = Debug|Any CPU
		{A8A6ED72-4E8C-494D-ACA3-2EA691E59369}.Debug|Any CPU.Build.0 = Debug|Any CPU
		{A8A6ED72-4E8C-494D-ACA3-2EA691E59369}.Release|Any CPU.ActiveCfg = Release|Any CPU
		{A8A6ED72-4E8C-494D-ACA3-2EA691E59369}.Release|Any CPU.Build.0 = Release|Any CPU
		{2587CBA2-F570-4A1B-B52C-0B10DC89DD08}.Debug|Any CPU.ActiveCfg = Debug|Any CPU
		{2587CBA2-F570-4A1B-B52C-0B10DC89DD08}.Debug|Any CPU.Build.0 = Debug|Any CPU
		{2587CBA2-F570-4A1B-B52C-0B10DC89DD08}.Release|Any CPU.ActiveCfg = Release|Any CPU
		{2587CBA2-F570-4A1B-B52C-0B10DC89DD08}.Release|Any CPU.Build.0 = Release|Any CPU
		{94DB4461-ED0B-4540-A52D-6B117043DCAD}.Debug|Any CPU.ActiveCfg = Debug|Any CPU
		{94DB4461-ED0B-4540-A52D-6B117043DCAD}.Debug|Any CPU.Build.0 = Debug|Any CPU
		{94DB4461-ED0B-4540-A52D-6B117043DCAD}.Release|Any CPU.ActiveCfg = Release|Any CPU
		{94DB4461-ED0B-4540-A52D-6B117043DCAD}.Release|Any CPU.Build.0 = Release|Any CPU
		{76F454EF-6624-42A7-8EAA-AA3ADBC9FAF3}.Debug|Any CPU.ActiveCfg = Debug|Any CPU
		{76F454EF-6624-42A7-8EAA-AA3ADBC9FAF3}.Debug|Any CPU.Build.0 = Debug|Any CPU
		{76F454EF-6624-42A7-8EAA-AA3ADBC9FAF3}.Release|Any CPU.ActiveCfg = Release|Any CPU
		{76F454EF-6624-42A7-8EAA-AA3ADBC9FAF3}.Release|Any CPU.Build.0 = Release|Any CPU
		{CF748678-A7DC-4C49-91AB-B3E938425FAA}.Debug|Any CPU.ActiveCfg = Debug|Any CPU
		{CF748678-A7DC-4C49-91AB-B3E938425FAA}.Debug|Any CPU.Build.0 = Debug|Any CPU
		{CF748678-A7DC-4C49-91AB-B3E938425FAA}.Release|Any CPU.ActiveCfg = Release|Any CPU
		{CF748678-A7DC-4C49-91AB-B3E938425FAA}.Release|Any CPU.Build.0 = Release|Any CPU
		{94C29428-3B29-4F27-A286-AB9C60389068}.Debug|Any CPU.ActiveCfg = Debug|Any CPU
		{94C29428-3B29-4F27-A286-AB9C60389068}.Debug|Any CPU.Build.0 = Debug|Any CPU
		{94C29428-3B29-4F27-A286-AB9C60389068}.Release|Any CPU.ActiveCfg = Release|Any CPU
		{94C29428-3B29-4F27-A286-AB9C60389068}.Release|Any CPU.Build.0 = Release|Any CPU
		{B5559D3D-BFA8-420E-9994-17A694BD2751}.Debug|Any CPU.ActiveCfg = Debug|Any CPU
		{B5559D3D-BFA8-420E-9994-17A694BD2751}.Debug|Any CPU.Build.0 = Debug|Any CPU
		{B5559D3D-BFA8-420E-9994-17A694BD2751}.Release|Any CPU.ActiveCfg = Release|Any CPU
		{B5559D3D-BFA8-420E-9994-17A694BD2751}.Release|Any CPU.Build.0 = Release|Any CPU
	EndGlobalSection
	GlobalSection(SolutionProperties) = preSolution
		HideSolutionNode = FALSE
	EndGlobalSection
EndGlobal
